
Microsoft Visual Studio Solution File, Format Version 12.00
# Visual Studio 14
VisualStudioVersion = 14.0.23107.0
MinimumVisualStudioVersion = 10.0.40219.1
Project("{FAE04EC0-301F-11D3-BF4B-00C04F79EFBC}") = "DaxCore", "DaxCore\DaxCore.csproj", "{CDEFB4F9-08DC-472F-90FA-6F5593148369}"
EndProject
Project("{FAE04EC0-301F-11D3-BF4B-00C04F79EFBC}") = "TestClient", "TestClient\TestClient.csproj", "{00E46D86-DC18-40F8-9328-9D17FC9BF8BC}"
EndProject
Global
	GlobalSection(SolutionConfigurationPlatforms) = preSolution
		Debug|Any CPU = Debug|Any CPU
		Release|Any CPU = Release|Any CPU
	EndGlobalSection
	GlobalSection(ProjectConfigurationPlatforms) = postSolution
		{CDEFB4F9-08DC-472F-90FA-6F5593148369}.Debug|Any CPU.ActiveCfg = Debug|Any CPU
		{CDEFB4F9-08DC-472F-90FA-6F5593148369}.Debug|Any CPU.Build.0 = Debug|Any CPU
		{CDEFB4F9-08DC-472F-90FA-6F5593148369}.Release|Any CPU.ActiveCfg = Release|Any CPU
		{CDEFB4F9-08DC-472F-90FA-6F5593148369}.Release|Any CPU.Build.0 = Release|Any CPU
		{00E46D86-DC18-40F8-9328-9D17FC9BF8BC}.Debug|Any CPU.ActiveCfg = Debug|Any CPU
		{00E46D86-DC18-40F8-9328-9D17FC9BF8BC}.Debug|Any CPU.Build.0 = Debug|Any CPU
		{00E46D86-DC18-40F8-9328-9D17FC9BF8BC}.Release|Any CPU.ActiveCfg = Release|Any CPU
		{00E46D86-DC18-40F8-9328-9D17FC9BF8BC}.Release|Any CPU.Build.0 = Release|Any CPU
	EndGlobalSection
	GlobalSection(SolutionProperties) = preSolution
		HideSolutionNode = FALSE
	EndGlobalSection
EndGlobal
